
Microsoft Visual Studio Solution File, Format Version 12.00
# Visual Studio Version 17
VisualStudioVersion = 17.14.36408.4
MinimumVisualStudioVersion = 10.0.40219.1
Project("{FAE04EC0-301F-11D3-BF4B-00C04F79EFBC}") = "GenericPipelines", "GenericPipelines\GenericPipelines.csproj", "{5FDFE286-F114-491A-B1C7-1AC61C9C0D98}"
EndProject
Project("{FAE04EC0-301F-11D3-BF4B-00C04F79EFBC}") = "GenericPipelines.Tests", "GenericPipelines.Tests\GenericPipelines.Tests.csproj", "{14EB0E84-A876-4766-A0DA-A74E543C1B41}"
EndProject
Project("{FAE04EC0-301F-11D3-BF4B-00C04F79EFBC}") = "GenericPipelines.IntegrationTests", "GenericPipelines.IntegrationTests\GenericPipelines.IntegrationTests.csproj", "{B6D0224B-8395-4649-AD19-1E01953F8C9F}"
EndProject
Global
	GlobalSection(SolutionConfigurationPlatforms) = preSolution
		Debug|Any CPU = Debug|Any CPU
		Release|Any CPU = Release|Any CPU
	EndGlobalSection
	GlobalSection(ProjectConfigurationPlatforms) = postSolution
		{5FDFE286-F114-491A-B1C7-1AC61C9C0D98}.Debug|Any CPU.ActiveCfg = Debug|Any CPU
		{5FDFE286-F114-491A-B1C7-1AC61C9C0D98}.Debug|Any CPU.Build.0 = Debug|Any CPU
		{5FDFE286-F114-491A-B1C7-1AC61C9C0D98}.Release|Any CPU.ActiveCfg = Release|Any CPU
		{5FDFE286-F114-491A-B1C7-1AC61C9C0D98}.Release|Any CPU.Build.0 = Release|Any CPU
		{14EB0E84-A876-4766-A0DA-A74E543C1B41}.Debug|Any CPU.ActiveCfg = Debug|Any CPU
		{14EB0E84-A876-4766-A0DA-A74E543C1B41}.Debug|Any CPU.Build.0 = Debug|Any CPU
		{14EB0E84-A876-4766-A0DA-A74E543C1B41}.Release|Any CPU.ActiveCfg = Release|Any CPU
		{14EB0E84-A876-4766-A0DA-A74E543C1B41}.Release|Any CPU.Build.0 = Release|Any CPU
		{B6D0224B-8395-4649-AD19-1E01953F8C9F}.Debug|Any CPU.ActiveCfg = Debug|Any CPU
		{B6D0224B-8395-4649-AD19-1E01953F8C9F}.Debug|Any CPU.Build.0 = Debug|Any CPU
		{B6D0224B-8395-4649-AD19-1E01953F8C9F}.Release|Any CPU.ActiveCfg = Release|Any CPU
		{B6D0224B-8395-4649-AD19-1E01953F8C9F}.Release|Any CPU.Build.0 = Release|Any CPU
	EndGlobalSection
	GlobalSection(SolutionProperties) = preSolution
		HideSolutionNode = FALSE
	EndGlobalSection
	GlobalSection(ExtensibilityGlobals) = postSolution
		SolutionGuid = {6D952B2B-228C-4374-947F-B55D77C1B3FF}
	EndGlobalSection
EndGlobal
